
Microsoft Visual Studio Solution File, Format Version 12.00
# Visual Studio Version 16
VisualStudioVersion = 25.0.1700.6
MinimumVisualStudioVersion = 10.0.40219.1
Project("{FAE04EC0-301F-11D3-BF4B-00C04F79EFBC}") = "Pizza-Place", "Pizza-Place.csproj", "{251372D6-5E13-4209-81F6-B2B089B767A7}"
EndProject
Global
	GlobalSection(SolutionConfigurationPlatforms) = preSolution
		Debug|Any CPU = Debug|Any CPU
		Release|Any CPU = Release|Any CPU
	EndGlobalSection
	GlobalSection(ProjectConfigurationPlatforms) = postSolution
		{251372D6-5E13-4209-81F6-B2B089B767A7}.Debug|Any CPU.ActiveCfg = Debug|Any CPU
		{251372D6-5E13-4209-81F6-B2B089B767A7}.Debug|Any CPU.Build.0 = Debug|Any CPU
		{251372D6-5E13-4209-81F6-B2B089B767A7}.Release|Any CPU.ActiveCfg = Release|Any CPU
		{251372D6-5E13-4209-81F6-B2B089B767A7}.Release|Any CPU.Build.0 = Release|Any CPU
	EndGlobalSection
	GlobalSection(SolutionProperties) = preSolution
		HideSolutionNode = FALSE
	EndGlobalSection
	GlobalSection(ExtensibilityGlobals) = postSolution
		SolutionGuid = {CE6BE546-4D79-42F3-944C-1DC7A3DC8BF4}
	EndGlobalSection
EndGlobal
